// !$*UTF8*$!
{
	archiveVersion = 1;
	classes = {
	};
	objectVersion = 46;
	objects = {

/* Begin PBXBuildFile section */
		226CEC481BECD0030061A5D8 /* main.m in Sources */ = {isa = PBXBuildFile; fileRef = 226CEC471BECD0030061A5D8 /* main.m */; };
		226CEC4B1BECD0030061A5D8 /* AppDelegate.m in Sources */ = {isa = PBXBuildFile; fileRef = 226CEC4A1BECD0030061A5D8 /* AppDelegate.m */; };
		226CEC511BECD0030061A5D8 /* Main.storyboard in Resources */ = {isa = PBXBuildFile; fileRef = 226CEC4F1BECD0030061A5D8 /* Main.storyboard */; };
		226CEC531BECD0030061A5D8 /* Assets.xcassets in Resources */ = {isa = PBXBuildFile; fileRef = 226CEC521BECD0030061A5D8 /* Assets.xcassets */; };
		226CEC561BECD0030061A5D8 /* LaunchScreen.storyboard in Resources */ = {isa = PBXBuildFile; fileRef = 226CEC541BECD0030061A5D8 /* LaunchScreen.storyboard */; };
		226CEC721BECD3620061A5D8 /* WMFooldView.m in Sources */ = {isa = PBXBuildFile; fileRef = 226CEC681BECD3620061A5D8 /* WMFooldView.m */; };
		226CEC731BECD3620061A5D8 /* WMMenuItem.m in Sources */ = {isa = PBXBuildFile; fileRef = 226CEC6A1BECD3620061A5D8 /* WMMenuItem.m */; };
		226CEC741BECD3620061A5D8 /* WMMenuView.m in Sources */ = {isa = PBXBuildFile; fileRef = 226CEC6C1BECD3620061A5D8 /* WMMenuView.m */; };
		226CEC751BECD3620061A5D8 /* WMProgressView.m in Sources */ = {isa = PBXBuildFile; fileRef = 226CEC6E1BECD3620061A5D8 /* WMProgressView.m */; };
		226CEC761BECD3620061A5D8 /* WMPageController.m in Sources */ = {isa = PBXBuildFile; fileRef = 226CEC711BECD3620061A5D8 /* WMPageController.m */; };
		226CEC7A1BECD40D0061A5D8 /* AppDelegate+Category.m in Sources */ = {isa = PBXBuildFile; fileRef = 226CEC791BECD40D0061A5D8 /* AppDelegate+Category.m */; };
		E5B1AA20F25CB2FCCCCCA541 /* libPods-糗事百科.a in Frameworks */ = {isa = PBXBuildFile; fileRef = 5BD7A814E277B40675C33BB6 /* libPods-糗事百科.a */; };
/* End PBXBuildFile section */

/* Begin PBXFileReference section */
		03DC7845322B1F06E9C84BB7 /* Pods-糗事百科.release.xcconfig */ = {isa = PBXFileReference; includeInIndex = 1; lastKnownFileType = text.xcconfig; name = "Pods-糗事百科.release.xcconfig"; path = "Pods/Target Support Files/Pods-糗事百科/Pods-糗事百科.release.xcconfig"; sourceTree = "<group>"; };
		0F93C2EBE22FA14F6E2C7F37 /* Pods-糗事百科.debug.xcconfig */ = {isa = PBXFileReference; includeInIndex = 1; lastKnownFileType = text.xcconfig; name = "Pods-糗事百科.debug.xcconfig"; path = "Pods/Target Support Files/Pods-糗事百科/Pods-糗事百科.debug.xcconfig"; sourceTree = "<group>"; };
		226CEC431BECD0030061A5D8 /* 糗事百科.app */ = {isa = PBXFileReference; explicitFileType = wrapper.application; includeInIndex = 0; path = "糗事百科.app"; sourceTree = BUILT_PRODUCTS_DIR; };
		226CEC471BECD0030061A5D8 /* main.m */ = {isa = PBXFileReference; lastKnownFileType = sourcecode.c.objc; path = main.m; sourceTree = "<group>"; };
		226CEC491BECD0030061A5D8 /* AppDelegate.h */ = {isa = PBXFileReference; lastKnownFileType = sourcecode.c.h; path = AppDelegate.h; sourceTree = "<group>"; };
		226CEC4A1BECD0030061A5D8 /* AppDelegate.m */ = {isa = PBXFileReference; lastKnownFileType = sourcecode.c.objc; path = AppDelegate.m; sourceTree = "<group>"; };
		226CEC501BECD0030061A5D8 /* Base */ = {isa = PBXFileReference; lastKnownFileType = file.storyboard; name = Base; path = Base.lproj/Main.storyboard; sourceTree = "<group>"; };
		226CEC521BECD0030061A5D8 /* Assets.xcassets */ = {isa = PBXFileReference; lastKnownFileType = folder.assetcatalog; name = Assets.xcassets; path = ../Assets.xcassets; sourceTree = "<group>"; };
		226CEC551BECD0030061A5D8 /* Base */ = {isa = PBXFileReference; lastKnownFileType = file.storyboard; name = Base; path = Base.lproj/LaunchScreen.storyboard; sourceTree = "<group>"; };
		226CEC571BECD0030061A5D8 /* Info.plist */ = {isa = PBXFileReference; lastKnownFileType = text.plist.xml; path = Info.plist; sourceTree = "<group>"; };
		226CEC671BECD3620061A5D8 /* WMFooldView.h */ = {isa = PBXFileReference; fileEncoding = 4; lastKnownFileType = sourcecode.c.h; path = WMFooldView.h; sourceTree = "<group>"; };
		226CEC681BECD3620061A5D8 /* WMFooldView.m */ = {isa = PBXFileReference; fileEncoding = 4; lastKnownFileType = sourcecode.c.objc; path = WMFooldView.m; sourceTree = "<group>"; };
		226CEC691BECD3620061A5D8 /* WMMenuItem.h */ = {isa = PBXFileReference; fileEncoding = 4; lastKnownFileType = sourcecode.c.h; path = WMMenuItem.h; sourceTree = "<group>"; };
		226CEC6A1BECD3620061A5D8 /* WMMenuItem.m */ = {isa = PBXFileReference; fileEncoding = 4; lastKnownFileType = sourcecode.c.objc; path = WMMenuItem.m; sourceTree = "<group>"; };
		226CEC6B1BECD3620061A5D8 /* WMMenuView.h */ = {isa = PBXFileReference; fileEncoding = 4; lastKnownFileType = sourcecode.c.h; path = WMMenuView.h; sourceTree = "<group>"; };
		226CEC6C1BECD3620061A5D8 /* WMMenuView.m */ = {isa = PBXFileReference; fileEncoding = 4; lastKnownFileType = sourcecode.c.objc; path = WMMenuView.m; sourceTree = "<group>"; };
		226CEC6D1BECD3620061A5D8 /* WMProgressView.h */ = {isa = PBXFileReference; fileEncoding = 4; lastKnownFileType = sourcecode.c.h; path = WMProgressView.h; sourceTree = "<group>"; };
		226CEC6E1BECD3620061A5D8 /* WMProgressView.m */ = {isa = PBXFileReference; fileEncoding = 4; lastKnownFileType = sourcecode.c.objc; path = WMProgressView.m; sourceTree = "<group>"; };
		226CEC6F1BECD3620061A5D8 /* WMPageConst.h */ = {isa = PBXFileReference; fileEncoding = 4; lastKnownFileType = sourcecode.c.h; path = WMPageConst.h; sourceTree = "<group>"; };
		226CEC701BECD3620061A5D8 /* WMPageController.h */ = {isa = PBXFileReference; fileEncoding = 4; lastKnownFileType = sourcecode.c.h; path = WMPageController.h; sourceTree = "<group>"; };
		226CEC711BECD3620061A5D8 /* WMPageController.m */ = {isa = PBXFileReference; fileEncoding = 4; lastKnownFileType = sourcecode.c.objc; path = WMPageController.m; sourceTree = "<group>"; };
		226CEC781BECD40D0061A5D8 /* AppDelegate+Category.h */ = {isa = PBXFileReference; fileEncoding = 4; lastKnownFileType = sourcecode.c.h; path = "AppDelegate+Category.h"; sourceTree = "<group>"; };
		226CEC791BECD40D0061A5D8 /* AppDelegate+Category.m */ = {isa = PBXFileReference; fileEncoding = 4; lastKnownFileType = sourcecode.c.objc; path = "AppDelegate+Category.m"; sourceTree = "<group>"; };
		5BD7A814E277B40675C33BB6 /* libPods-糗事百科.a */ = {isa = PBXFileReference; explicitFileType = archive.ar; includeInIndex = 0; path = "libPods-糗事百科.a"; sourceTree = BUILT_PRODUCTS_DIR; };
/* End PBXFileReference section */

/* Begin PBXFrameworksBuildPhase section */
		226CEC401BECD0030061A5D8 /* Frameworks */ = {
			isa = PBXFrameworksBuildPhase;
			buildActionMask = 2147483647;
			files = (
				E5B1AA20F25CB2FCCCCCA541 /* libPods-糗事百科.a in Frameworks */,
			);
			runOnlyForDeploymentPostprocessing = 0;
		};
/* End PBXFrameworksBuildPhase section */

/* Begin PBXGroup section */
		226CEC3A1BECD0030061A5D8 = {
			isa = PBXGroup;
			children = (
				226CEC451BECD0030061A5D8 /* 糗事百科 */,
				226CEC441BECD0030061A5D8 /* Products */,
				25C68011A8713DF2287AF783 /* Pods */,
				66906E49FB185F3EC6AE7FBA /* Frameworks */,
			);
			sourceTree = "<group>";
		};
		226CEC441BECD0030061A5D8 /* Products */ = {
			isa = PBXGroup;
			children = (
				226CEC431BECD0030061A5D8 /* 糗事百科.app */,
			);
			name = Products;
			sourceTree = "<group>";
		};
		226CEC451BECD0030061A5D8 /* 糗事百科 */ = {
			isa = PBXGroup;
			children = (
				226CEC771BECD3DD0061A5D8 /* Util */,
				226CEC641BECD30F0061A5D8 /* Resoure */,
				226CEC5D1BECD1C80061A5D8 /* Define */,
				226CEC5E1BECD1C80061A5D8 /* Model */,
				226CEC5F1BECD1C80061A5D8 /* NetworkManager */,
				226CEC601BECD1C80061A5D8 /* Vendor */,
				226CEC611BECD1C80061A5D8 /* View */,
				226CEC621BECD1C80061A5D8 /* ViewController */,
				226CEC631BECD1C80061A5D8 /* ViewModel */,
				226CEC491BECD0030061A5D8 /* AppDelegate.h */,
				226CEC4A1BECD0030061A5D8 /* AppDelegate.m */,
				226CEC461BECD0030061A5D8 /* Supporting Files */,
			);
			path = "糗事百科";
			sourceTree = "<group>";
		};
		226CEC461BECD0030061A5D8 /* Supporting Files */ = {
			isa = PBXGroup;
			children = (
				226CEC571BECD0030061A5D8 /* Info.plist */,
				226CEC471BECD0030061A5D8 /* main.m */,
			);
			name = "Supporting Files";
			sourceTree = "<group>";
		};
		226CEC5D1BECD1C80061A5D8 /* Define */ = {
			isa = PBXGroup;
			children = (
			);
			path = Define;
			sourceTree = "<group>";
		};
		226CEC5E1BECD1C80061A5D8 /* Model */ = {
			isa = PBXGroup;
			children = (
			);
			path = Model;
			sourceTree = "<group>";
		};
		226CEC5F1BECD1C80061A5D8 /* NetworkManager */ = {
			isa = PBXGroup;
			children = (
			);
			path = NetworkManager;
			sourceTree = "<group>";
		};
		226CEC601BECD1C80061A5D8 /* Vendor */ = {
			isa = PBXGroup;
			children = (
				226CEC651BECD3620061A5D8 /* WMPageController */,
			);
			path = Vendor;
			sourceTree = "<group>";
		};
		226CEC611BECD1C80061A5D8 /* View */ = {
			isa = PBXGroup;
			children = (
			);
			path = View;
			sourceTree = "<group>";
		};
		226CEC621BECD1C80061A5D8 /* ViewController */ = {
			isa = PBXGroup;
			children = (
			);
			path = ViewController;
			sourceTree = "<group>";
		};
		226CEC631BECD1C80061A5D8 /* ViewModel */ = {
			isa = PBXGroup;
			children = (
			);
			path = ViewModel;
			sourceTree = "<group>";
		};
		226CEC641BECD30F0061A5D8 /* Resoure */ = {
			isa = PBXGroup;
			children = (
				226CEC4F1BECD0030061A5D8 /* Main.storyboard */,
				226CEC521BECD0030061A5D8 /* Assets.xcassets */,
				226CEC541BECD0030061A5D8 /* LaunchScreen.storyboard */,
			);
			path = Resoure;
			sourceTree = "<group>";
		};
		226CEC651BECD3620061A5D8 /* WMPageController */ = {
			isa = PBXGroup;
			children = (
				226CEC661BECD3620061A5D8 /* WMMenuView */,
				226CEC6F1BECD3620061A5D8 /* WMPageConst.h */,
				226CEC701BECD3620061A5D8 /* WMPageController.h */,
				226CEC711BECD3620061A5D8 /* WMPageController.m */,
			);
			path = WMPageController;
			sourceTree = "<group>";
		};
		226CEC661BECD3620061A5D8 /* WMMenuView */ = {
			isa = PBXGroup;
			children = (
				226CEC671BECD3620061A5D8 /* WMFooldView.h */,
				226CEC681BECD3620061A5D8 /* WMFooldView.m */,
				226CEC691BECD3620061A5D8 /* WMMenuItem.h */,
				226CEC6A1BECD3620061A5D8 /* WMMenuItem.m */,
				226CEC6B1BECD3620061A5D8 /* WMMenuView.h */,
				226CEC6C1BECD3620061A5D8 /* WMMenuView.m */,
				226CEC6D1BECD3620061A5D8 /* WMProgressView.h */,
				226CEC6E1BECD3620061A5D8 /* WMProgressView.m */,
			);
			path = WMMenuView;
			sourceTree = "<group>";
		};
		226CEC771BECD3DD0061A5D8 /* Util */ = {
			isa = PBXGroup;
			children = (
				226CEC781BECD40D0061A5D8 /* AppDelegate+Category.h */,
				226CEC791BECD40D0061A5D8 /* AppDelegate+Category.m */,
			);
			path = Util;
			sourceTree = "<group>";
		};
		25C68011A8713DF2287AF783 /* Pods */ = {
			isa = PBXGroup;
			children = (
				0F93C2EBE22FA14F6E2C7F37 /* Pods-糗事百科.debug.xcconfig */,
				03DC7845322B1F06E9C84BB7 /* Pods-糗事百科.release.xcconfig */,
			);
			name = Pods;
			sourceTree = "<group>";
		};
		66906E49FB185F3EC6AE7FBA /* Frameworks */ = {
			isa = PBXGroup;
			children = (
				5BD7A814E277B40675C33BB6 /* libPods-糗事百科.a */,
			);
			name = Frameworks;
			sourceTree = "<group>";
		};
/* End PBXGroup section */

/* Begin PBXNativeTarget section */
		226CEC421BECD0030061A5D8 /* 糗事百科 */ = {
			isa = PBXNativeTarget;
			buildConfigurationList = 226CEC5A1BECD0030061A5D8 /* Build configuration list for PBXNativeTarget "糗事百科" */;
			buildPhases = (
				80484F116B2A06E7D11AF313 /* Check Pods Manifest.lock */,
				226CEC3F1BECD0030061A5D8 /* Sources */,
				226CEC401BECD0030061A5D8 /* Frameworks */,
				226CEC411BECD0030061A5D8 /* Resources */,
				0BB090CD983F6F00E197E884 /* Embed Pods Frameworks */,
				17B8B24A622680094BB1BDD9 /* Copy Pods Resources */,
			);
			buildRules = (
			);
			dependencies = (
			);
			name = "糗事百科";
			productName = "糗事百科";
			productReference = 226CEC431BECD0030061A5D8 /* 糗事百科.app */;
			productType = "com.apple.product-type.application";
		};
/* End PBXNativeTarget section */

/* Begin PBXProject section */
		226CEC3B1BECD0030061A5D8 /* Project object */ = {
			isa = PBXProject;
			attributes = {
				LastUpgradeCheck = 0710;
				ORGANIZATIONNAME = hzq;
				TargetAttributes = {
					226CEC421BECD0030061A5D8 = {
						CreatedOnToolsVersion = 7.1;
						DevelopmentTeam = YG4395XX5U;
					};
				};
			};
			buildConfigurationList = 226CEC3E1BECD0030061A5D8 /* Build configuration list for PBXProject "糗事百科" */;
			compatibilityVersion = "Xcode 3.2";
			developmentRegion = English;
			hasScannedForEncodings = 0;
			knownRegions = (
				en,
				Base,
			);
			mainGroup = 226CEC3A1BECD0030061A5D8;
			productRefGroup = 226CEC441BECD0030061A5D8 /* Products */;
			projectDirPath = "";
			projectRoot = "";
			targets = (
				226CEC421BECD0030061A5D8 /* 糗事百科 */,
			);
		};
/* End PBXProject section */

/* Begin PBXResourcesBuildPhase section */
		226CEC411BECD0030061A5D8 /* Resources */ = {
			isa = PBXResourcesBuildPhase;
			buildActionMask = 2147483647;
			files = (
				226CEC561BECD0030061A5D8 /* LaunchScreen.storyboard in Resources */,
				226CEC531BECD0030061A5D8 /* Assets.xcassets in Resources */,
				226CEC511BECD0030061A5D8 /* Main.storyboard in Resources */,
			);
			runOnlyForDeploymentPostprocessing = 0;
		};
/* End PBXResourcesBuildPhase section */

/* Begin PBXShellScriptBuildPhase section */
		0BB090CD983F6F00E197E884 /* Embed Pods Frameworks */ = {
			isa = PBXShellScriptBuildPhase;
			buildActionMask = 2147483647;
			files = (
			);
			inputPaths = (
			);
			name = "Embed Pods Frameworks";
			outputPaths = (
			);
			runOnlyForDeploymentPostprocessing = 0;
			shellPath = /bin/sh;
			shellScript = "\"${SRCROOT}/Pods/Target Support Files/Pods-糗事百科/Pods-糗事百科-frameworks.sh\"\n";
			showEnvVarsInLog = 0;
		};
		17B8B24A622680094BB1BDD9 /* Copy Pods Resources */ = {
			isa = PBXShellScriptBuildPhase;
			buildActionMask = 2147483647;
			files = (
			);
			inputPaths = (
			);
			name = "Copy Pods Resources";
			outputPaths = (
			);
			runOnlyForDeploymentPostprocessing = 0;
			shellPath = /bin/sh;
			shellScript = "\"${SRCROOT}/Pods/Target Support Files/Pods-糗事百科/Pods-糗事百科-resources.sh\"\n";
			showEnvVarsInLog = 0;
		};
		80484F116B2A06E7D11AF313 /* Check Pods Manifest.lock */ = {
			isa = PBXShellScriptBuildPhase;
			buildActionMask = 2147483647;
			files = (
			);
			inputPaths = (
			);
			name = "Check Pods Manifest.lock";
			outputPaths = (
			);
			runOnlyForDeploymentPostprocessing = 0;
			shellPath = /bin/sh;
			shellScript = "diff \"${PODS_ROOT}/../Podfile.lock\" \"${PODS_ROOT}/Manifest.lock\" > /dev/null\nif [[ $? != 0 ]] ; then\n    cat << EOM\nerror: The sandbox is not in sync with the Podfile.lock. Run 'pod install' or update your CocoaPods installation.\nEOM\n    exit 1\nfi\n";
			showEnvVarsInLog = 0;
		};
/* End PBXShellScriptBuildPhase section */

/* Begin PBXSourcesBuildPhase section */
		226CEC3F1BECD0030061A5D8 /* Sources */ = {
			isa = PBXSourcesBuildPhase;
			buildActionMask = 2147483647;
			files = (
				226CEC721BECD3620061A5D8 /* WMFooldView.m in Sources */,
				226CEC741BECD3620061A5D8 /* WMMenuView.m in Sources */,
				226CEC761BECD3620061A5D8 /* WMPageController.m in Sources */,
				226CEC4B1BECD0030061A5D8 /* AppDelegate.m in Sources */,
				226CEC751BECD3620061A5D8 /* WMProgressView.m in Sources */,
				226CEC481BECD0030061A5D8 /* main.m in Sources */,
				226CEC7A1BECD40D0061A5D8 /* AppDelegate+Category.m in Sources */,
				226CEC731BECD3620061A5D8 /* WMMenuItem.m in Sources */,
			);
			runOnlyForDeploymentPostprocessing = 0;
		};
/* End PBXSourcesBuildPhase section */

/* Begin PBXVariantGroup section */
		226CEC4F1BECD0030061A5D8 /* Main.storyboard */ = {
			isa = PBXVariantGroup;
			children = (
				226CEC501BECD0030061A5D8 /* Base */,
			);
			name = Main.storyboard;
			path = ..;
			sourceTree = "<group>";
		};
		226CEC541BECD0030061A5D8 /* LaunchScreen.storyboard */ = {
			isa = PBXVariantGroup;
			children = (
				226CEC551BECD0030061A5D8 /* Base */,
			);
			name = LaunchScreen.storyboard;
			path = ..;
			sourceTree = "<group>";
		};
/* End PBXVariantGroup section */

/* Begin XCBuildConfiguration section */
		226CEC581BECD0030061A5D8 /* Debug */ = {
			isa = XCBuildConfiguration;
			buildSettings = {
				ALWAYS_SEARCH_USER_PATHS = NO;
				CLANG_CXX_LANGUAGE_STANDARD = "gnu++0x";
				CLANG_CXX_LIBRARY = "libc++";
				CLANG_ENABLE_MODULES = YES;
				CLANG_ENABLE_OBJC_ARC = YES;
				CLANG_WARN_BOOL_CONVERSION = YES;
				CLANG_WARN_CONSTANT_CONVERSION = YES;
				CLANG_WARN_DIRECT_OBJC_ISA_USAGE = YES_ERROR;
				CLANG_WARN_EMPTY_BODY = YES;
				CLANG_WARN_ENUM_CONVERSION = YES;
				CLANG_WARN_INT_CONVERSION = YES;
				CLANG_WARN_OBJC_ROOT_CLASS = YES_ERROR;
				CLANG_WARN_UNREACHABLE_CODE = YES;
				CLANG_WARN__DUPLICATE_METHOD_MATCH = YES;
				"CODE_SIGN_IDENTITY[sdk=iphoneos*]" = "iPhone Developer";
				COPY_PHASE_STRIP = NO;
				DEBUG_INFORMATION_FORMAT = dwarf;
				ENABLE_STRICT_OBJC_MSGSEND = YES;
				ENABLE_TESTABILITY = YES;
				GCC_C_LANGUAGE_STANDARD = gnu99;
				GCC_DYNAMIC_NO_PIC = NO;
				GCC_NO_COMMON_BLOCKS = YES;
				GCC_OPTIMIZATION_LEVEL = 0;
				GCC_PREPROCESSOR_DEFINITIONS = (
					"DEBUG=1",
					"$(inherited)",
				);
				GCC_WARN_64_TO_32_BIT_CONVERSION = YES;
				GCC_WARN_ABOUT_RETURN_TYPE = YES_ERROR;
				GCC_WARN_UNDECLARED_SELECTOR = YES;
				GCC_WARN_UNINITIALIZED_AUTOS = YES_AGGRESSIVE;
				GCC_WARN_UNUSED_FUNCTION = YES;
				GCC_WARN_UNUSED_VARIABLE = YES;
				IPHONEOS_DEPLOYMENT_TARGET = 9.1;
				MTL_ENABLE_DEBUG_INFO = YES;
				ONLY_ACTIVE_ARCH = YES;
				SDKROOT = iphoneos;
			};
			name = Debug;
		};
		226CEC591BECD0030061A5D8 /* Release */ = {
			isa = XCBuildConfiguration;
			buildSettings = {
				ALWAYS_SEARCH_USER_PATHS = NO;
				CLANG_CXX_LANGUAGE_STANDARD = "gnu++0x";
				CLANG_CXX_LIBRARY = "libc++";
				CLANG_ENABLE_MODULES = YES;
				CLANG_ENABLE_OBJC_ARC = YES;
				CLANG_WARN_BOOL_CONVERSION = YES;
				CLANG_WARN_CONSTANT_CONVERSION = YES;
				CLANG_WARN_DIRECT_OBJC_ISA_USAGE = YES_ERROR;
				CLANG_WARN_EMPTY_BODY = YES;
				CLANG_WARN_ENUM_CONVERSION = YES;
				CLANG_WARN_INT_CONVERSION = YES;
				CLANG_WARN_OBJC_ROOT_CLASS = YES_ERROR;
				CLANG_WARN_UNREACHABLE_CODE = YES;
				CLANG_WARN__DUPLICATE_METHOD_MATCH = YES;
				"CODE_SIGN_IDENTITY[sdk=iphoneos*]" = "iPhone Developer";
				COPY_PHASE_STRIP = NO;
				DEBUG_INFORMATION_FORMAT = "dwarf-with-dsym";
				ENABLE_NS_ASSERTIONS = NO;
				ENABLE_STRICT_OBJC_MSGSEND = YES;
				GCC_C_LANGUAGE_STANDARD = gnu99;
				GCC_NO_COMMON_BLOCKS = YES;
				GCC_WARN_64_TO_32_BIT_CONVERSION = YES;
				GCC_WARN_ABOUT_RETURN_TYPE = YES_ERROR;
				GCC_WARN_UNDECLARED_SELECTOR = YES;
				GCC_WARN_UNINITIALIZED_AUTOS = YES_AGGRESSIVE;
				GCC_WARN_UNUSED_FUNCTION = YES;
				GCC_WARN_UNUSED_VARIABLE = YES;
				IPHONEOS_DEPLOYMENT_TARGET = 9.1;
				MTL_ENABLE_DEBUG_INFO = NO;
				SDKROOT = iphoneos;
				VALIDATE_PRODUCT = YES;
			};
			name = Release;
		};
		226CEC5B1BECD0030061A5D8 /* Debug */ = {
			isa = XCBuildConfiguration;
			baseConfigurationReference = 0F93C2EBE22FA14F6E2C7F37 /* Pods-糗事百科.debug.xcconfig */;
			buildSettings = {
				ASSETCATALOG_COMPILER_APPICON_NAME = AppIcon;
				INFOPLIST_FILE = "糗事百科/Info.plist";
				LD_RUNPATH_SEARCH_PATHS = "$(inherited) @executable_path/Frameworks";
				PRODUCT_BUNDLE_IDENTIFIER = "com.hzq.----";
				PRODUCT_NAME = "$(TARGET_NAME)";
			};
			name = Debug;
		};
		226CEC5C1BECD0030061A5D8 /* Release */ = {
			isa = XCBuildConfiguration;
			baseConfigurationReference = 03DC7845322B1F06E9C84BB7 /* Pods-糗事百科.release.xcconfig */;
			buildSettings = {
				ASSETCATALOG_COMPILER_APPICON_NAME = AppIcon;
				INFOPLIST_FILE = "糗事百科/Info.plist";
				LD_RUNPATH_SEARCH_PATHS = "$(inherited) @executable_path/Frameworks";
				PRODUCT_BUNDLE_IDENTIFIER = "com.hzq.----";
				PRODUCT_NAME = "$(TARGET_NAME)";
			};
			name = Release;
		};
/* End XCBuildConfiguration section */

/* Begin XCConfigurationList section */
		226CEC3E1BECD0030061A5D8 /* Build configuration list for PBXProject "糗事百科" */ = {
			isa = XCConfigurationList;
			buildConfigurations = (
				226CEC581BECD0030061A5D8 /* Debug */,
				226CEC591BECD0030061A5D8 /* Release */,
			);
			defaultConfigurationIsVisible = 0;
			defaultConfigurationName = Release;
		};
		226CEC5A1BECD0030061A5D8 /* Build configuration list for PBXNativeTarget "糗事百科" */ = {
			isa = XCConfigurationList;
			buildConfigurations = (
				226CEC5B1BECD0030061A5D8 /* Debug */,
				226CEC5C1BECD0030061A5D8 /* Release */,
			);
			defaultConfigurationIsVisible = 0;
			defaultConfigurationName = Release;
		};
/* End XCConfigurationList section */
	};
	rootObject = 226CEC3B1BECD0030061A5D8 /* Project object */;
}
